
Microsoft Visual Studio Solution File, Format Version 12.00
# Visual Studio 15
VisualStudioVersion = 15.0.26430.6
MinimumVisualStudioVersion = 10.0.40219.1
Project("{FAE04EC0-301F-11D3-BF4B-00C04F79EFBC}") = "PayrollSplitter", "PayrollSplitter\PayrollSplitter.csproj", "{2F63B239-04A1-4887-8491-E76EC9C342D9}"
EndProject
Project("{FAE04EC0-301F-11D3-BF4B-00C04F79EFBC}") = "SplitLib", "SplitLib\SplitLib.csproj", "{9DCC81B0-C03C-4CCC-888B-B2897139A13E}"
EndProject
Global
	GlobalSection(SolutionConfigurationPlatforms) = preSolution
		Debug|Any CPU = Debug|Any CPU
		Release|Any CPU = Release|Any CPU
	EndGlobalSection
	GlobalSection(ProjectConfigurationPlatforms) = postSolution
		{2F63B239-04A1-4887-8491-E76EC9C342D9}.Debug|Any CPU.ActiveCfg = Debug|Any CPU
		{2F63B239-04A1-4887-8491-E76EC9C342D9}.Debug|Any CPU.Build.0 = Debug|Any CPU
		{2F63B239-04A1-4887-8491-E76EC9C342D9}.Release|Any CPU.ActiveCfg = Release|Any CPU
		{2F63B239-04A1-4887-8491-E76EC9C342D9}.Release|Any CPU.Build.0 = Release|Any CPU
		{9DCC81B0-C03C-4CCC-888B-B2897139A13E}.Debug|Any CPU.ActiveCfg = Debug|Any CPU
		{9DCC81B0-C03C-4CCC-888B-B2897139A13E}.Debug|Any CPU.Build.0 = Debug|Any CPU
		{9DCC81B0-C03C-4CCC-888B-B2897139A13E}.Release|Any CPU.ActiveCfg = Release|Any CPU
		{9DCC81B0-C03C-4CCC-888B-B2897139A13E}.Release|Any CPU.Build.0 = Release|Any CPU
	EndGlobalSection
	GlobalSection(SolutionProperties) = preSolution
		HideSolutionNode = FALSE
	EndGlobalSection
EndGlobal
